[[package]]
name = "click"
version = "8.1.3"
requires_python = ">=3.7"
summary = "Composable command line interface toolkit"
dependencies = [
    "colorama; platform_system == \"Windows\"",
]

[[package]]
name = "colorama"
version = "0.4.4"
requires_python = ">=2.7, !=3.0.*, !=3.1.*, !=3.2.*, !=3.3.*, !=3.4.*"
summary = "Cross-platform colored terminal text."

[[package]]
name = "tabulate"
version = "0.8.9"
summary = "Pretty-print tabular data"

[[package]]
name = "typer"
version = "0.4.1"
requires_python = ">=3.6"
summary = "Typer, build great CLIs. Easy to code. Based on Python type hints."
dependencies = [
    "click<9.0.0,>=7.1.1",
]

[metadata]
lock_version = "3.1"
content_hash = "sha256:029345b6bf30294ceb7aa095ece9a8e7b96a0f9a58092cb5c4e40116dd2f1952"

[metadata.files]
"click 8.1.3" = [
    {file = "click-8.1.3-py3-none-any.whl", hash = "sha256:bb4d8133cb15a609f44e8213d9b391b0809795062913b383c62be0ee95b1db48"},
    {file = "click-8.1.3.tar.gz", hash = "sha256:7682dc8afb30297001674575ea00d1814d808d6a36af415a82bd481d37ba7b8e"},
]
"colorama 0.4.4" = [
    {file = "colorama-0.4.4-py2.py3-none-any.whl", hash = "sha256:9f47eda37229f68eee03b24b9748937c7dc3868f906e8ba69fbcbdd3bc5dc3e2"},
    {file = "colorama-0.4.4.tar.gz", hash = "sha256:5941b2b48a20143d2267e95b1c2a7603ce057ee39fd88e7329b0c292aa16869b"},
]
"tabulate 0.8.9" = [
    {file = "tabulate-0.8.9-py3-none-any.whl", hash = "sha256:d7c013fe7abbc5e491394e10fa845f8f32fe54f8dc60c6622c6cf482d25d47e4"},
    {file = "tabulate-0.8.9.tar.gz", hash = "sha256:eb1d13f25760052e8931f2ef80aaf6045a6cceb47514db8beab24cded16f13a7"},
]
"typer 0.4.1" = [
    {file = "typer-0.4.1-py3-none-any.whl", hash = "sha256:e8467f0ebac0c81366c2168d6ad9f888efdfb6d4e1d3d5b4a004f46fa444b5c3"},
    {file = "typer-0.4.1.tar.gz", hash = "sha256:5646aef0d936b2c761a10393f0384ee6b5c7fe0bb3e5cd710b17134ca1d99cff"},
]
